
Microsoft Visual Studio Solution File, Format Version 12.00
# Visual Studio Version 16
VisualStudioVersion = 16.0.30011.22
MinimumVisualStudioVersion = 10.0.40219.1
Project("{FAE04EC0-301F-11D3-BF4B-00C04F79EFBC}") = "CrawlerWin", "CrawlerWin\CrawlerWin.csproj", "{2795ACE2-B121-4735-9E9A-D7875EC8E42A}"
EndProject
Project("{FAE04EC0-301F-11D3-BF4B-00C04F79EFBC}") = "Crawler", "X:\GOOGLE\CSharpHomework-master\homework9\program1\Crawler.csproj", "{01598BF7-23C0-4BB0-A5DC-0E7631E9FAF1}"
EndProject
Global
	GlobalSection(SolutionConfigurationPlatforms) = preSolution
		Debug|Any CPU = Debug|Any CPU
		Release|Any CPU = Release|Any CPU
	EndGlobalSection
	GlobalSection(ProjectConfigurationPlatforms) = postSolution
		{2795ACE2-B121-4735-9E9A-D7875EC8E42A}.Debug|Any CPU.ActiveCfg = Debug|Any CPU
		{2795ACE2-B121-4735-9E9A-D7875EC8E42A}.Debug|Any CPU.Build.0 = Debug|Any CPU
		{2795ACE2-B121-4735-9E9A-D7875EC8E42A}.Release|Any CPU.ActiveCfg = Release|Any CPU
		{2795ACE2-B121-4735-9E9A-D7875EC8E42A}.Release|Any CPU.Build.0 = Release|Any CPU
		{01598BF7-23C0-4BB0-A5DC-0E7631E9FAF1}.Debug|Any CPU.ActiveCfg = Debug|Any CPU
		{01598BF7-23C0-4BB0-A5DC-0E7631E9FAF1}.Debug|Any CPU.Build.0 = Debug|Any CPU
		{01598BF7-23C0-4BB0-A5DC-0E7631E9FAF1}.Release|Any CPU.ActiveCfg = Release|Any CPU
		{01598BF7-23C0-4BB0-A5DC-0E7631E9FAF1}.Release|Any CPU.Build.0 = Release|Any CPU
	EndGlobalSection
	GlobalSection(SolutionProperties) = preSolution
		HideSolutionNode = FALSE
	EndGlobalSection
	GlobalSection(ExtensibilityGlobals) = postSolution
		SolutionGuid = {A9B17B47-678E-4259-B8F5-CE2AB27304CE}
	EndGlobalSection
EndGlobal
